// !$*UTF8*$!
{
	archiveVersion = 1;
	classes = {
	};
	objectVersion = 46;
	objects = {

/* Begin PBXBuildFile section */
		E0C7A7BA1532DCE000A78427 /* UIKit.framework in Frameworks */ = {isa = PBXBuildFile; fileRef = E0C7A7B91532DCE000A78427 /* UIKit.framework */; };
		E0C7A7BC1532DCE000A78427 /* Foundation.framework in Frameworks */ = {isa = PBXBuildFile; fileRef = E0C7A7BB1532DCE000A78427 /* Foundation.framework */; };
		E0C7A7BE1532DCE000A78427 /* CoreGraphics.framework in Frameworks */ = {isa = PBXBuildFile; fileRef = E0C7A7BD1532DCE000A78427 /* CoreGraphics.framework */; };
		E0C7A7C01532DCE000A78427 /* CoreData.framework in Frameworks */ = {isa = PBXBuildFile; fileRef = E0C7A7BF1532DCE000A78427 /* CoreData.framework */; };
		E0C7A7C61532DCE000A78427 /* InfoPlist.strings in Resources */ = {isa = PBXBuildFile; fileRef = E0C7A7C41532DCE000A78427 /* InfoPlist.strings */; };
		E0C7A7C81532DCE000A78427 /* main.m in Sources */ = {isa = PBXBuildFile; fileRef = E0C7A7C71532DCE000A78427 /* main.m */; };
		E0C7A7CC1532DCE000A78427 /* AppDelegate.m in Sources */ = {isa = PBXBuildFile; fileRef = E0C7A7CB1532DCE000A78427 /* AppDelegate.m */; };
		E0C7A7CF1532DCE100A78427 /* iCloudApp.xcdatamodeld in Sources */ = {isa = PBXBuildFile; fileRef = E0C7A7CD1532DCE100A78427 /* iCloudApp.xcdatamodeld */; };
/* End PBXBuildFile section */

/* Begin PBXFileReference section */
		E0C7A7B51532DCE000A78427 /* iCloudApp.app */ = {isa = PBXFileReference; explicitFileType = wrapper.application; includeInIndex = 0; path = iCloudApp.app; sourceTree = BUILT_PRODUCTS_DIR; };
		E0C7A7B91532DCE000A78427 /* UIKit.framework */ = {isa = PBXFileReference; lastKnownFileType = wrapper.framework; name = UIKit.framework; path = System/Library/Frameworks/UIKit.framework; sourceTree = SDKROOT; };
		E0C7A7BB1532DCE000A78427 /* Foundation.framework */ = {isa = PBXFileReference; lastKnownFileType = wrapper.framework; name = Foundation.framework; path = System/Library/Frameworks/Foundation.framework; sourceTree = SDKROOT; };
		E0C7A7BD1532DCE000A78427 /* CoreGraphics.framework */ = {isa = PBXFileReference; lastKnownFileType = wrapper.framework; name = CoreGraphics.framework; path = System/Library/Frameworks/CoreGraphics.framework; sourceTree = SDKROOT; };
		E0C7A7BF1532DCE000A78427 /* CoreData.framework */ = {isa = PBXFileReference; lastKnownFileType = wrapper.framework; name = CoreData.framework; path = System/Library/Frameworks/CoreData.framework; sourceTree = SDKROOT; };
		E0C7A7C31532DCE000A78427 /* iCloudApp-Info.plist */ = {isa = PBXFileReference; path = "iCloudApp-Info.plist"; sourceTree = "<group>"; };
		E0C7A7C51532DCE000A78427 /* en */ = {isa = PBXFileReference; lastKnownFileType = text.plist.strings; name = en; path = en.lproj/InfoPlist.strings; sourceTree = "<group>"; };
		E0C7A7C71532DCE000A78427 /* main.m */ = {isa = PBXFileReference; lastKnownFileType = sourcecode.c.objc; path = main.m; sourceTree = "<group>"; };
		E0C7A7C91532DCE000A78427 /* iCloudApp-Prefix.pch */ = {isa = PBXFileReference; path = "iCloudApp-Prefix.pch"; sourceTree = "<group>"; };
		E0C7A7CA1532DCE000A78427 /* AppDelegate.h */ = {isa = PBXFileReference; path = AppDelegate.h; sourceTree = "<group>"; };
		E0C7A7CB1532DCE000A78427 /* AppDelegate.m */ = {isa = PBXFileReference; lastKnownFileType = sourcecode.c.objc; path = AppDelegate.m; sourceTree = "<group>"; };
		E0C7A7CE1532DCE100A78427 /* iCloudApp.xcdatamodel */ = {isa = PBXFileReference; lastKnownFileType = wrapper.xcdatamodel; path = iCloudApp.xcdatamodel; sourceTree = "<group>"; };
/* End PBXFileReference section */

/* Begin PBXFrameworksBuildPhase section */
		E0C7A7B21532DCE000A78427 /* Frameworks */ = {
			isa = PBXFrameworksBuildPhase;
			buildActionMask = 2147483647;
			files = (
				E0C7A7BA1532DCE000A78427 /* UIKit.framework in Frameworks */,
				E0C7A7BC1532DCE000A78427 /* Foundation.framework in Frameworks */,
				E0C7A7BE1532DCE000A78427 /* CoreGraphics.framework in Frameworks */,
				E0C7A7C01532DCE000A78427 /* CoreData.framework in Frameworks */,
			);
			runOnlyForDeploymentPostprocessing = 0;
		};
/* End PBXFrameworksBuildPhase section */

/* Begin PBXGroup section */
		E0C7A7AA1532DCE000A78427 = {
			isa = PBXGroup;
			children = (
				E0C7A7C11532DCE000A78427 /* iCloudApp */,
				E0C7A7B81532DCE000A78427 /* Frameworks */,
				E0C7A7B61532DCE000A78427 /* Products */,
			);
			sourceTree = "<group>";
		};
		E0C7A7B61532DCE000A78427 /* Products */ = {
			isa = PBXGroup;
			children = (
				E0C7A7B51532DCE000A78427 /* iCloudApp.app */,
			);
			name = Products;
			sourceTree = "<group>";
		};
		E0C7A7B81532DCE000A78427 /* Frameworks */ = {
			isa = PBXGroup;
			children = (
				E0C7A7B91532DCE000A78427 /* UIKit.framework */,
				E0C7A7BB1532DCE000A78427 /* Foundation.framework */,
				E0C7A7BD1532DCE000A78427 /* CoreGraphics.framework */,
				E0C7A7BF1532DCE000A78427 /* CoreData.framework */,
			);
			name = Frameworks;
			sourceTree = "<group>";
		};
		E0C7A7C11532DCE000A78427 /* iCloudApp */ = {
			isa = PBXGroup;
			children = (
				E0C7A7CA1532DCE000A78427 /* AppDelegate.h */,
				E0C7A7CB1532DCE000A78427 /* AppDelegate.m */,
				E0C7A7CD1532DCE100A78427 /* iCloudApp.xcdatamodeld */,
				E0C7A7C21532DCE000A78427 /* Supporting Files */,
			);
			path = iCloudApp;
			sourceTree = "<group>";
		};
		E0C7A7C21532DCE000A78427 /* Supporting Files */ = {
			isa = PBXGroup;
			children = (
				E0C7A7C31532DCE000A78427 /* iCloudApp-Info.plist */,
				E0C7A7C41532DCE000A78427 /* InfoPlist.strings */,
				E0C7A7C71532DCE000A78427 /* main.m */,
				E0C7A7C91532DCE000A78427 /* iCloudApp-Prefix.pch */,
			);
			name = "Supporting Files";
			sourceTree = "<group>";
		};
/* End PBXGroup section */

/* Begin PBXNativeTarget section */
		E0C7A7B41532DCE000A78427 /* iCloudApp */ = {
			isa = PBXNativeTarget;
			buildConfigurationList = E0C7A7D21532DCE100A78427 /* Build configuration list for PBXNativeTarget "iCloudApp" */;
			buildPhases = (
				E0C7A7B11532DCE000A78427 /* Sources */,
				E0C7A7B21532DCE000A78427 /* Frameworks */,
				E0C7A7B31532DCE000A78427 /* Resources */,
			);
			buildRules = (
			);
			dependencies = (
			);
			name = iCloudApp;
			productName = iCloudApp;
			productReference = E0C7A7B51532DCE000A78427 /* iCloudApp.app */;
			productType = "com.apple.product-type.application";
		};
/* End PBXNativeTarget section */

/* Begin PBXProject section */
		E0C7A7AC1532DCE000A78427 /* Project object */ = {
			isa = PBXProject;
			attributes = {
				LastUpgradeCheck = 0430;
				ORGANIZATIONNAME = "iPuP SARL";
			};
			buildConfigurationList = E0C7A7AF1532DCE000A78427 /* Build configuration list for PBXProject "iCloudApp" */;
			compatibilityVersion = "Xcode 3.2";
			developmentRegion = English;
			hasScannedForEncodings = 0;
			knownRegions = (
				en,
			);
			mainGroup = E0C7A7AA1532DCE000A78427;
			productRefGroup = E0C7A7B61532DCE000A78427 /* Products */;
			projectDirPath = "";
			projectRoot = "";
			targets = (
				E0C7A7B41532DCE000A78427 /* iCloudApp */,
			);
		};
/* End PBXProject section */

/* Begin PBXResourcesBuildPhase section */
		E0C7A7B31532DCE000A78427 /* Resources */ = {
			isa = PBXResourcesBuildPhase;
			buildActionMask = 2147483647;
			files = (
				E0C7A7C61532DCE000A78427 /* InfoPlist.strings in Resources */,
			);
			runOnlyForDeploymentPostprocessing = 0;
		};
/* End PBXResourcesBuildPhase section */

/* Begin PBXSourcesBuildPhase section */
		E0C7A7B11532DCE000A78427 /* Sources */ = {
			isa = PBXSourcesBuildPhase;
			buildActionMask = 2147483647;
			files = (
				E0C7A7C81532DCE000A78427 /* main.m in Sources */,
				E0C7A7CC1532DCE000A78427 /* AppDelegate.m in Sources */,
				E0C7A7CF1532DCE100A78427 /* iCloudApp.xcdatamodeld in Sources */,
			);
			runOnlyForDeploymentPostprocessing = 0;
		};
/* End PBXSourcesBuildPhase section */

/* Begin PBXVariantGroup section */
		E0C7A7C41532DCE000A78427 /* InfoPlist.strings */ = {
			isa = PBXVariantGroup;
			children = (
				E0C7A7C51532DCE000A78427 /* en */,
			);
			name = InfoPlist.strings;
			sourceTree = "<group>";
		};
/* End PBXVariantGroup section */

/* Begin XCBuildConfiguration section */
		E0C7A7D01532DCE100A78427 /* Debug */ = {
			isa = XCBuildConfiguration;
			buildSettings = {
				ALWAYS_SEARCH_USER_PATHS = NO;
				ARCHS = "$(ARCHS_STANDARD_32_BIT)";
				CLANG_ENABLE_OBJC_ARC = YES;
				"CODE_SIGN_IDENTITY[sdk=iphoneos*]" = "iPhone Developer";
				COPY_PHASE_STRIP = NO;
				GCC_C_LANGUAGE_STANDARD = gnu99;
				GCC_DYNAMIC_NO_PIC = NO;
				GCC_OPTIMIZATION_LEVEL = 0;
				GCC_PREPROCESSOR_DEFINITIONS = (
					"DEBUG=1",
					"$(inherited)",
				);
				GCC_SYMBOLS_PRIVATE_EXTERN = NO;
				GCC_VERSION = com.apple.compilers.llvm.clang.1_0;
				GCC_WARN_ABOUT_RETURN_TYPE = YES;
				GCC_WARN_UNINITIALIZED_AUTOS = YES;
				GCC_WARN_UNUSED_VARIABLE = YES;
				IPHONEOS_DEPLOYMENT_TARGET = 5.1;
				SDKROOT = iphoneos;
				TARGETED_DEVICE_FAMILY = "1,2";
			};
			name = Debug;
		};
		E0C7A7D11532DCE100A78427 /* Release */ = {
			isa = XCBuildConfiguration;
			buildSettings = {
				ALWAYS_SEARCH_USER_PATHS = NO;
				ARCHS = "$(ARCHS_STANDARD_32_BIT)";
				CLANG_ENABLE_OBJC_ARC = YES;
				"CODE_SIGN_IDENTITY[sdk=iphoneos*]" = "iPhone Developer";
				COPY_PHASE_STRIP = YES;
				GCC_C_LANGUAGE_STANDARD = gnu99;
				GCC_VERSION = com.apple.compilers.llvm.clang.1_0;
				GCC_WARN_ABOUT_RETURN_TYPE = YES;
				GCC_WARN_UNINITIALIZED_AUTOS = YES;
				GCC_WARN_UNUSED_VARIABLE = YES;
				IPHONEOS_DEPLOYMENT_TARGET = 5.1;
				OTHER_CFLAGS = "-DNS_BLOCK_ASSERTIONS=1";
				SDKROOT = iphoneos;
				TARGETED_DEVICE_FAMILY = "1,2";
				VALIDATE_PRODUCT = YES;
			};
			name = Release;
		};
		E0C7A7D31532DCE100A78427 /* Debug */ = {
			isa = XCBuildConfiguration;
			buildSettings = {
				GCC_PRECOMPILE_PREFIX_HEADER = YES;
				GCC_PREFIX_HEADER = "iCloudApp/iCloudApp-Prefix.pch";
				INFOPLIST_FILE = "iCloudApp/iCloudApp-Info.plist";
				PRODUCT_NAME = "$(TARGET_NAME)";
				WRAPPER_EXTENSION = app;
			};
			name = Debug;
		};
		E0C7A7D41532DCE100A78427 /* Release */ = {
			isa = XCBuildConfiguration;
			buildSettings = {
				GCC_PRECOMPILE_PREFIX_HEADER = YES;
				GCC_PREFIX_HEADER = "iCloudApp/iCloudApp-Prefix.pch";
				INFOPLIST_FILE = "iCloudApp/iCloudApp-Info.plist";
				PRODUCT_NAME = "$(TARGET_NAME)";
				WRAPPER_EXTENSION = app;
			};
			name = Release;
		};
/* End XCBuildConfiguration section */

/* Begin XCConfigurationList section */
		E0C7A7AF1532DCE000A78427 /* Build configuration list for PBXProject "iCloudApp" */ = {
			isa = XCConfigurationList;
			buildConfigurations = (
				E0C7A7D01532DCE100A78427 /* Debug */,
				E0C7A7D11532DCE100A78427 /* Release */,
			);
			defaultConfigurationIsVisible = 0;
			defaultConfigurationName = Release;
		};
		E0C7A7D21532DCE100A78427 /* Build configuration list for PBXNativeTarget "iCloudApp" */ = {
			isa = XCConfigurationList;
			buildConfigurations = (
				E0C7A7D31532DCE100A78427 /* Debug */,
				E0C7A7D41532DCE100A78427 /* Release */,
			);
			defaultConfigurationIsVisible = 0;
		};
/* End XCConfigurationList section */

/* Begin XCVersionGroup section */
		E0C7A7CD1532DCE100A78427 /* iCloudApp.xcdatamodeld */ = {
			isa = XCVersionGroup;
			children = (
				E0C7A7CE1532DCE100A78427 /* iCloudApp.xcdatamodel */,
			);
			currentVersion = E0C7A7CE1532DCE100A78427 /* iCloudApp.xcdatamodel */;
			path = iCloudApp.xcdatamodeld;
			sourceTree = "<group>";
			versionGroupType = wrapper.xcdatamodel;
		};
/* End XCVersionGroup section */
	};
	rootObject = E0C7A7AC1532DCE000A78427 /* Project object */;
}
